// !$*UTF8*$!
{
	archiveVersion = 1;
	classes = {
	};
	objectVersion = 51;
	objects = {

/* Begin PBXBuildFile section */
		838F82042483F75E00A23AF3 /* Cocktail.storyboard in Resources */ = {isa = PBXBuildFile; fileRef = 838F82032483F75E00A23AF3 /* Cocktail.storyboard */; };
		838F82072483F78B00A23AF3 /* WallPapers.storyboard in Resources */ = {isa = PBXBuildFile; fileRef = 838F82062483F78B00A23AF3 /* WallPapers.storyboard */; };
		838F82092483F79700A23AF3 /* Favorites.storyboard in Resources */ = {isa = PBXBuildFile; fileRef = 838F82082483F79700A23AF3 /* Favorites.storyboard */; };
		83C0B4C22483DF5500EFA84A /* AppDelegate.swift in Sources */ = {isa = PBXBuildFile; fileRef = 83C0B4C12483DF5500EFA84A /* AppDelegate.swift */; };
		83C0B4C42483DF5500EFA84A /* SceneDelegate.swift in Sources */ = {isa = PBXBuildFile; fileRef = 83C0B4C32483DF5500EFA84A /* SceneDelegate.swift */; };
		83C0B4C62483DF5500EFA84A /* ViewController.swift in Sources */ = {isa = PBXBuildFile; fileRef = 83C0B4C52483DF5500EFA84A /* ViewController.swift */; };
		83C0B4C92483DF5500EFA84A /* Main.storyboard in Resources */ = {isa = PBXBuildFile; fileRef = 83C0B4C72483DF5500EFA84A /* Main.storyboard */; };
		83C0B4CC2483DF5600EFA84A /* Cocktail.xcdatamodeld in Sources */ = {isa = PBXBuildFile; fileRef = 83C0B4CA2483DF5600EFA84A /* Cocktail.xcdatamodeld */; };
		83C0B4CE2483DF5600EFA84A /* Assets.xcassets in Resources */ = {isa = PBXBuildFile; fileRef = 83C0B4CD2483DF5600EFA84A /* Assets.xcassets */; };
		83C0B4D12483DF5600EFA84A /* LaunchScreen.storyboard in Resources */ = {isa = PBXBuildFile; fileRef = 83C0B4CF2483DF5600EFA84A /* LaunchScreen.storyboard */; };
		D9CEC00A445116D82094140D /* Pods_Cocktail.framework in Frameworks */ = {isa = PBXBuildFile; fileRef = CD428ACFB2A835642D960D90 /* Pods_Cocktail.framework */; };
/* End PBXBuildFile section */

/* Begin PBXFileReference section */
		2745D23F33A5E34FF0EC9BE8 /* Pods-Cocktail.release.xcconfig */ = {isa = PBXFileReference; includeInIndex = 1; lastKnownFileType = text.xcconfig; name = "Pods-Cocktail.release.xcconfig"; path = "Target Support Files/Pods-Cocktail/Pods-Cocktail.release.xcconfig"; sourceTree = "<group>"; };
		838F82032483F75E00A23AF3 /* Cocktail.storyboard */ = {isa = PBXFileReference; lastKnownFileType = file.storyboard; path = Cocktail.storyboard; sourceTree = "<group>"; };
		838F82062483F78B00A23AF3 /* WallPapers.storyboard */ = {isa = PBXFileReference; lastKnownFileType = file.storyboard; path = WallPapers.storyboard; sourceTree = "<group>"; };
		838F82082483F79700A23AF3 /* Favorites.storyboard */ = {isa = PBXFileReference; lastKnownFileType = file.storyboard; path = Favorites.storyboard; sourceTree = "<group>"; };
		83C0B4BE2483DF5500EFA84A /* Cocktail.app */ = {isa = PBXFileReference; explicitFileType = wrapper.application; includeInIndex = 0; path = Cocktail.app; sourceTree = BUILT_PRODUCTS_DIR; };
		83C0B4C12483DF5500EFA84A /* AppDelegate.swift */ = {isa = PBXFileReference; lastKnownFileType = sourcecode.swift; path = AppDelegate.swift; sourceTree = "<group>"; };
		83C0B4C32483DF5500EFA84A /* SceneDelegate.swift */ = {isa = PBXFileReference; lastKnownFileType = sourcecode.swift; path = SceneDelegate.swift; sourceTree = "<group>"; };
		83C0B4C52483DF5500EFA84A /* ViewController.swift */ = {isa = PBXFileReference; lastKnownFileType = sourcecode.swift; path = ViewController.swift; sourceTree = "<group>"; };
		83C0B4C82483DF5500EFA84A /* Base */ = {isa = PBXFileReference; lastKnownFileType = file.storyboard; name = Base; path = Base.lproj/Main.storyboard; sourceTree = "<group>"; };
		83C0B4CB2483DF5600EFA84A /* Cocktail.xcdatamodel */ = {isa = PBXFileReference; lastKnownFileType = wrapper.xcdatamodel; path = Cocktail.xcdatamodel; sourceTree = "<group>"; };
		83C0B4CD2483DF5600EFA84A /* Assets.xcassets */ = {isa = PBXFileReference; lastKnownFileType = folder.assetcatalog; path = Assets.xcassets; sourceTree = "<group>"; };
		83C0B4D02483DF5600EFA84A /* Base */ = {isa = PBXFileReference; lastKnownFileType = file.storyboard; name = Base; path = Base.lproj/LaunchScreen.storyboard; sourceTree = "<group>"; };
		83C0B4D22483DF5600EFA84A /* Info.plist */ = {isa = PBXFileReference; lastKnownFileType = text.plist.xml; path = Info.plist; sourceTree = "<group>"; };
		CD428ACFB2A835642D960D90 /* Pods_Cocktail.framework */ = {isa = PBXFileReference; explicitFileType = wrapper.framework; includeInIndex = 0; path = Pods_Cocktail.framework; sourceTree = BUILT_PRODUCTS_DIR; };
		EF7E0C7A5A2A4418B3B469DD /* Pods-Cocktail.debug.xcconfig */ = {isa = PBXFileReference; includeInIndex = 1; lastKnownFileType = text.xcconfig; name = "Pods-Cocktail.debug.xcconfig"; path = "Target Support Files/Pods-Cocktail/Pods-Cocktail.debug.xcconfig"; sourceTree = "<group>"; };
/* End PBXFileReference section */

/* Begin PBXFrameworksBuildPhase section */
		83C0B4BB2483DF5500EFA84A /* Frameworks */ = {
			isa = PBXFrameworksBuildPhase;
			buildActionMask = 2147483647;
			files = (
				D9CEC00A445116D82094140D /* Pods_Cocktail.framework in Frameworks */,
			);
			runOnlyForDeploymentPostprocessing = 0;
		};
/* End PBXFrameworksBuildPhase section */

/* Begin PBXGroup section */
		7C298974AEA32FCC7C61326D /* Frameworks */ = {
			isa = PBXGroup;
			children = (
				CD428ACFB2A835642D960D90 /* Pods_Cocktail.framework */,
			);
			name = Frameworks;
			sourceTree = "<group>";
		};
		838F82052483F76700A23AF3 /* StoryBoards */ = {
			isa = PBXGroup;
			children = (
				83C0B4C72483DF5500EFA84A /* Main.storyboard */,
				838F82032483F75E00A23AF3 /* Cocktail.storyboard */,
				838F82062483F78B00A23AF3 /* WallPapers.storyboard */,
				838F82082483F79700A23AF3 /* Favorites.storyboard */,
			);
			path = StoryBoards;
			sourceTree = "<group>";
		};
		83C0B4B52483DF5500EFA84A = {
			isa = PBXGroup;
			children = (
				83C0B4C02483DF5500EFA84A /* Cocktail */,
				83C0B4BF2483DF5500EFA84A /* Products */,
				B1C2CB346BE264DB29E87014 /* Pods */,
				7C298974AEA32FCC7C61326D /* Frameworks */,
			);
			sourceTree = "<group>";
		};
		83C0B4BF2483DF5500EFA84A /* Products */ = {
			isa = PBXGroup;
			children = (
				83C0B4BE2483DF5500EFA84A /* Cocktail.app */,
			);
			name = Products;
			sourceTree = "<group>";
		};
		83C0B4C02483DF5500EFA84A /* Cocktail */ = {
			isa = PBXGroup;
			children = (
				83C0B4C12483DF5500EFA84A /* AppDelegate.swift */,
				83C0B4C32483DF5500EFA84A /* SceneDelegate.swift */,
				83C0B4C52483DF5500EFA84A /* ViewController.swift */,
				838F82052483F76700A23AF3 /* StoryBoards */,
				83C0B4CD2483DF5600EFA84A /* Assets.xcassets */,
				83C0B4CF2483DF5600EFA84A /* LaunchScreen.storyboard */,
				83C0B4D22483DF5600EFA84A /* Info.plist */,
				83C0B4CA2483DF5600EFA84A /* Cocktail.xcdatamodeld */,
			);
			path = Cocktail;
			sourceTree = "<group>";
		};
		B1C2CB346BE264DB29E87014 /* Pods */ = {
			isa = PBXGroup;
			children = (
				EF7E0C7A5A2A4418B3B469DD /* Pods-Cocktail.debug.xcconfig */,
				2745D23F33A5E34FF0EC9BE8 /* Pods-Cocktail.release.xcconfig */,
			);
			path = Pods;
			sourceTree = "<group>";
		};
/* End PBXGroup section */

/* Begin PBXNativeTarget section */
		83C0B4BD2483DF5500EFA84A /* Cocktail */ = {
			isa = PBXNativeTarget;
			buildConfigurationList = 83C0B4D52483DF5600EFA84A /* Build configuration list for PBXNativeTarget "Cocktail" */;
			buildPhases = (
				E2F4E4971E30108452FC2321 /* [CP] Check Pods Manifest.lock */,
				83C0B4BA2483DF5500EFA84A /* Sources */,
				83C0B4BB2483DF5500EFA84A /* Frameworks */,
				83C0B4BC2483DF5500EFA84A /* Resources */,
				0A59F08991DB4704426466D3 /* [CP] Embed Pods Frameworks */,
			);
			buildRules = (
			);
			dependencies = (
			);
			name = Cocktail;
			productName = Cocktail;
			productReference = 83C0B4BE2483DF5500EFA84A /* Cocktail.app */;
			productType = "com.apple.product-type.application";
		};
/* End PBXNativeTarget section */

/* Begin PBXProject section */
		83C0B4B62483DF5500EFA84A /* Project object */ = {
			isa = PBXProject;
			attributes = {
				LastSwiftUpdateCheck = 1140;
				LastUpgradeCheck = 1140;
				ORGANIZATIONNAME = "Metehan kara";
				TargetAttributes = {
					83C0B4BD2483DF5500EFA84A = {
						CreatedOnToolsVersion = 11.4.1;
					};
				};
			};
			buildConfigurationList = 83C0B4B92483DF5500EFA84A /* Build configuration list for PBXProject "Cocktail" */;
			compatibilityVersion = "Xcode 9.3";
			developmentRegion = en;
			hasScannedForEncodings = 0;
			knownRegions = (
				en,
				Base,
			);
			mainGroup = 83C0B4B52483DF5500EFA84A;
			productRefGroup = 83C0B4BF2483DF5500EFA84A /* Products */;
			projectDirPath = "";
			projectRoot = "";
			targets = (
				83C0B4BD2483DF5500EFA84A /* Cocktail */,
			);
		};
/* End PBXProject section */

/* Begin PBXResourcesBuildPhase section */
		83C0B4BC2483DF5500EFA84A /* Resources */ = {
			isa = PBXResourcesBuildPhase;
			buildActionMask = 2147483647;
			files = (
				838F82072483F78B00A23AF3 /* WallPapers.storyboard in Resources */,
				838F82042483F75E00A23AF3 /* Cocktail.storyboard in Resources */,
				838F82092483F79700A23AF3 /* Favorites.storyboard in Resources */,
				83C0B4D12483DF5600EFA84A /* LaunchScreen.storyboard in Resources */,
				83C0B4CE2483DF5600EFA84A /* Assets.xcassets in Resources */,
				83C0B4C92483DF5500EFA84A /* Main.storyboard in Resources */,
			);
			runOnlyForDeploymentPostprocessing = 0;
		};
/* End PBXResourcesBuildPhase section */

/* Begin PBXShellScriptBuildPhase section */
		0A59F08991DB4704426466D3 /* [CP] Embed Pods Frameworks */ = {
			isa = PBXShellScriptBuildPhase;
			buildActionMask = 2147483647;
			files = (
			);
			inputFileListPaths = (
				"${PODS_ROOT}/Target Support Files/Pods-Cocktail/Pods-Cocktail-frameworks-${CONFIGURATION}-input-files.xcfilelist",
			);
			name = "[CP] Embed Pods Frameworks";
			outputFileListPaths = (
				"${PODS_ROOT}/Target Support Files/Pods-Cocktail/Pods-Cocktail-frameworks-${CONFIGURATION}-output-files.xcfilelist",
			);
			runOnlyForDeploymentPostprocessing = 0;
			shellPath = /bin/sh;
			shellScript = "\"${PODS_ROOT}/Target Support Files/Pods-Cocktail/Pods-Cocktail-frameworks.sh\"\n";
			showEnvVarsInLog = 0;
		};
		E2F4E4971E30108452FC2321 /* [CP] Check Pods Manifest.lock */ = {
			isa = PBXShellScriptBuildPhase;
			buildActionMask = 2147483647;
			files = (
			);
			inputFileListPaths = (
			);
			inputPaths = (
				"${PODS_PODFILE_DIR_PATH}/Podfile.lock",
				"${PODS_ROOT}/Manifest.lock",
			);
			name = "[CP] Check Pods Manifest.lock";
			outputFileListPaths = (
			);
			outputPaths = (
				"$(DERIVED_FILE_DIR)/Pods-Cocktail-checkManifestLockResult.txt",
			);
			runOnlyForDeploymentPostprocessing = 0;
			shellPath = /bin/sh;
			shellScript = "diff \"${PODS_PODFILE_DIR_PATH}/Podfile.lock\" \"${PODS_ROOT}/Manifest.lock\" > /dev/null\nif [ $? != 0 ] ; then\n    # print error to STDERR\n    echo \"error: The sandbox is not in sync with the Podfile.lock. Run 'pod install' or update your CocoaPods installation.\" >&2\n    exit 1\nfi\n# This output is used by Xcode 'outputs' to avoid re-running this script phase.\necho \"SUCCESS\" > \"${SCRIPT_OUTPUT_FILE_0}\"\n";
			showEnvVarsInLog = 0;
		};
/* End PBXShellScriptBuildPhase section */

/* Begin PBXSourcesBuildPhase section */
		83C0B4BA2483DF5500EFA84A /* Sources */ = {
			isa = PBXSourcesBuildPhase;
			buildActionMask = 2147483647;
			files = (
				83C0B4C62483DF5500EFA84A /* ViewController.swift in Sources */,
				83C0B4C22483DF5500EFA84A /* AppDelegate.swift in Sources */,
				83C0B4C42483DF5500EFA84A /* SceneDelegate.swift in Sources */,
				83C0B4CC2483DF5600EFA84A /* Cocktail.xcdatamodeld in Sources */,
			);
			runOnlyForDeploymentPostprocessing = 0;
		};
/* End PBXSourcesBuildPhase section */

/* Begin PBXVariantGroup section */
		83C0B4C72483DF5500EFA84A /* Main.storyboard */ = {
			isa = PBXVariantGroup;
			children = (
				83C0B4C82483DF5500EFA84A /* Base */,
			);
			name = Main.storyboard;
			sourceTree = "<group>";
		};
		83C0B4CF2483DF5600EFA84A /* LaunchScreen.storyboard */ = {
			isa = PBXVariantGroup;
			children = (
				83C0B4D02483DF5600EFA84A /* Base */,
			);
			name = LaunchScreen.storyboard;
			sourceTree = "<group>";
		};
/* End PBXVariantGroup section */

/* Begin XCBuildConfiguration section */
		83C0B4D32483DF5600EFA84A /* Debug */ = {
			isa = XCBuildConfiguration;
			buildSettings = {
				ALWAYS_SEARCH_USER_PATHS = NO;
				CLANG_ANALYZER_NONNULL = YES;
				CLANG_ANALYZER_NUMBER_OBJECT_CONVERSION = YES_AGGRESSIVE;
				CLANG_CXX_LANGUAGE_STANDARD = "gnu++14";
				CLANG_CXX_LIBRARY = "libc++";
				CLANG_ENABLE_MODULES = YES;
				CLANG_ENABLE_OBJC_ARC = YES;
				CLANG_ENABLE_OBJC_WEAK = YES;
				CLANG_WARN_BLOCK_CAPTURE_AUTORELEASING = YES;
				CLANG_WARN_BOOL_CONVERSION = YES;
				CLANG_WARN_COMMA = YES;
				CLANG_WARN_CONSTANT_CONVERSION = YES;
				CLANG_WARN_DEPRECATED_OBJC_IMPLEMENTATIONS = YES;
				CLANG_WARN_DIRECT_OBJC_ISA_USAGE = YES_ERROR;
				CLANG_WARN_DOCUMENTATION_COMMENTS = YES;
				CLANG_WARN_EMPTY_BODY = YES;
				CLANG_WARN_ENUM_CONVERSION = YES;
				CLANG_WARN_INFINITE_RECURSION = YES;
				CLANG_WARN_INT_CONVERSION = YES;
				CLANG_WARN_NON_LITERAL_NULL_CONVERSION = YES;
				CLANG_WARN_OBJC_IMPLICIT_RETAIN_SELF = YES;
				CLANG_WARN_OBJC_LITERAL_CONVERSION = YES;
				CLANG_WARN_OBJC_ROOT_CLASS = YES_ERROR;
				CLANG_WARN_RANGE_LOOP_ANALYSIS = YES;
				CLANG_WARN_STRICT_PROTOTYPES = YES;
				CLANG_WARN_SUSPICIOUS_MOVE = YES;
				CLANG_WARN_UNGUARDED_AVAILABILITY = YES_AGGRESSIVE;
				CLANG_WARN_UNREACHABLE_CODE = YES;
				CLANG_WARN__DUPLICATE_METHOD_MATCH = YES;
				COPY_PHASE_STRIP = NO;
				DEBUG_INFORMATION_FORMAT = dwarf;
				ENABLE_STRICT_OBJC_MSGSEND = YES;
				ENABLE_TESTABILITY = YES;
				GCC_C_LANGUAGE_STANDARD = gnu11;
				GCC_DYNAMIC_NO_PIC = NO;
				GCC_NO_COMMON_BLOCKS = YES;
				GCC_OPTIMIZATION_LEVEL = 0;
				GCC_PREPROCESSOR_DEFINITIONS = (
					"DEBUG=1",
					"$(inherited)",
				);
				GCC_WARN_64_TO_32_BIT_CONVERSION = YES;
				GCC_WARN_ABOUT_RETURN_TYPE = YES_ERROR;
				GCC_WARN_UNDECLARED_SELECTOR = YES;
				GCC_WARN_UNINITIALIZED_AUTOS = YES_AGGRESSIVE;
				GCC_WARN_UNUSED_FUNCTION = YES;
				GCC_WARN_UNUSED_VARIABLE = YES;
				IPHONEOS_DEPLOYMENT_TARGET = 13.4;
				MTL_ENABLE_DEBUG_INFO = INCLUDE_SOURCE;
				MTL_FAST_MATH = YES;
				ONLY_ACTIVE_ARCH = YES;
				SDKROOT = iphoneos;
				SWIFT_ACTIVE_COMPILATION_CONDITIONS = DEBUG;
				SWIFT_OPTIMIZATION_LEVEL = "-Onone";
			};
			name = Debug;
		};
		83C0B4D42483DF5600EFA84A /* Release */ = {
			isa = XCBuildConfiguration;
			buildSettings = {
				ALWAYS_SEARCH_USER_PATHS = NO;
				CLANG_ANALYZER_NONNULL = YES;
				CLANG_ANALYZER_NUMBER_OBJECT_CONVERSION = YES_AGGRESSIVE;
				CLANG_CXX_LANGUAGE_STANDARD = "gnu++14";
				CLANG_CXX_LIBRARY = "libc++";
				CLANG_ENABLE_MODULES = YES;
				CLANG_ENABLE_OBJC_ARC = YES;
				CLANG_ENABLE_OBJC_WEAK = YES;
				CLANG_WARN_BLOCK_CAPTURE_AUTORELEASING = YES;
				CLANG_WARN_BOOL_CONVERSION = YES;
				CLANG_WARN_COMMA = YES;
				CLANG_WARN_CONSTANT_CONVERSION = YES;
				CLANG_WARN_DEPRECATED_OBJC_IMPLEMENTATIONS = YES;
				CLANG_WARN_DIRECT_OBJC_ISA_USAGE = YES_ERROR;
				CLANG_WARN_DOCUMENTATION_COMMENTS = YES;
				CLANG_WARN_EMPTY_BODY = YES;
				CLANG_WARN_ENUM_CONVERSION = YES;
				CLANG_WARN_INFINITE_RECURSION = YES;
				CLANG_WARN_INT_CONVERSION = YES;
				CLANG_WARN_NON_LITERAL_NULL_CONVERSION = YES;
				CLANG_WARN_OBJC_IMPLICIT_RETAIN_SELF = YES;
				CLANG_WARN_OBJC_LITERAL_CONVERSION = YES;
				CLANG_WARN_OBJC_ROOT_CLASS = YES_ERROR;
				CLANG_WARN_RANGE_LOOP_ANALYSIS = YES;
				CLANG_WARN_STRICT_PROTOTYPES = YES;
				CLANG_WARN_SUSPICIOUS_MOVE = YES;
				CLANG_WARN_UNGUARDED_AVAILABILITY = YES_AGGRESSIVE;
				CLANG_WARN_UNREACHABLE_CODE = YES;
				CLANG_WARN__DUPLICATE_METHOD_MATCH = YES;
				COPY_PHASE_STRIP = NO;
				DEBUG_INFORMATION_FORMAT = "dwarf-with-dsym";
				ENABLE_NS_ASSERTIONS = NO;
				ENABLE_STRICT_OBJC_MSGSEND = YES;
				GCC_C_LANGUAGE_STANDARD = gnu11;
				GCC_NO_COMMON_BLOCKS = YES;
				GCC_WARN_64_TO_32_BIT_CONVERSION = YES;
				GCC_WARN_ABOUT_RETURN_TYPE = YES_ERROR;
				GCC_WARN_UNDECLARED_SELECTOR = YES;
				GCC_WARN_UNINITIALIZED_AUTOS = YES_AGGRESSIVE;
				GCC_WARN_UNUSED_FUNCTION = YES;
				GCC_WARN_UNUSED_VARIABLE = YES;
				IPHONEOS_DEPLOYMENT_TARGET = 13.4;
				MTL_ENABLE_DEBUG_INFO = NO;
				MTL_FAST_MATH = YES;
				SDKROOT = iphoneos;
				SWIFT_COMPILATION_MODE = wholemodule;
				SWIFT_OPTIMIZATION_LEVEL = "-O";
				VALIDATE_PRODUCT = YES;
			};
			name = Release;
		};
		83C0B4D62483DF5600EFA84A /* Debug */ = {
			isa = XCBuildConfiguration;
			baseConfigurationReference = EF7E0C7A5A2A4418B3B469DD /* Pods-Cocktail.debug.xcconfig */;
			buildSettings = {
				ASSETCATALOG_COMPILER_APPICON_NAME = AppIcon;
				CODE_SIGN_STYLE = Automatic;
				INFOPLIST_FILE = Cocktail/Info.plist;
				LD_RUNPATH_SEARCH_PATHS = (
					"$(inherited)",
					"@executable_path/Frameworks",
				);
				PRODUCT_BUNDLE_IDENTIFIER = com.kara.Cocktail;
				PRODUCT_NAME = "$(TARGET_NAME)";
				SWIFT_VERSION = 5.0;
				TARGETED_DEVICE_FAMILY = "1,2";
			};
			name = Debug;
		};
		83C0B4D72483DF5600EFA84A /* Release */ = {
			isa = XCBuildConfiguration;
			baseConfigurationReference = 2745D23F33A5E34FF0EC9BE8 /* Pods-Cocktail.release.xcconfig */;
			buildSettings = {
				ASSETCATALOG_COMPILER_APPICON_NAME = AppIcon;
				CODE_SIGN_STYLE = Automatic;
				INFOPLIST_FILE = Cocktail/Info.plist;
				LD_RUNPATH_SEARCH_PATHS = (
					"$(inherited)",
					"@executable_path/Frameworks",
				);
				PRODUCT_BUNDLE_IDENTIFIER = com.kara.Cocktail;
				PRODUCT_NAME = "$(TARGET_NAME)";
				SWIFT_VERSION = 5.0;
				TARGETED_DEVICE_FAMILY = "1,2";
			};
			name = Release;
		};
/* End XCBuildConfiguration section */

/* Begin XCConfigurationList section */
		83C0B4B92483DF5500EFA84A /* Build configuration list for PBXProject "Cocktail" */ = {
			isa = XCConfigurationList;
			buildConfigurations = (
				83C0B4D32483DF5600EFA84A /* Debug */,
				83C0B4D42483DF5600EFA84A /* Release */,
			);
			defaultConfigurationIsVisible = 0;
			defaultConfigurationName = Release;
		};
		83C0B4D52483DF5600EFA84A /* Build configuration list for PBXNativeTarget "Cocktail" */ = {
			isa = XCConfigurationList;
			buildConfigurations = (
				83C0B4D62483DF5600EFA84A /* Debug */,
				83C0B4D72483DF5600EFA84A /* Release */,
			);
			defaultConfigurationIsVisible = 0;
			defaultConfigurationName = Release;
		};
/* End XCConfigurationList section */

/* Begin XCVersionGroup section */
		83C0B4CA2483DF5600EFA84A /* Cocktail.xcdatamodeld */ = {
			isa = XCVersionGroup;
			children = (
				83C0B4CB2483DF5600EFA84A /* Cocktail.xcdatamodel */,
			);
			currentVersion = 83C0B4CB2483DF5600EFA84A /* Cocktail.xcdatamodel */;
			path = Cocktail.xcdatamodeld;
			sourceTree = "<group>";
			versionGroupType = wrapper.xcdatamodel;
		};
/* End XCVersionGroup section */
	};
	rootObject = 83C0B4B62483DF5500EFA84A /* Project object */;
}
